
Microsoft Visual Studio Solution File, Format Version 12.00
# Visual Studio Version 17
VisualStudioVersion = 17.9.34902.65
MinimumVisualStudioVersion = 10.0.40219.1
Project("{FAE04EC0-301F-11D3-BF4B-00C04F79EFBC}") = "Core_BitirmeProjesi", "Core_BitirmeProjesi\Core_BitirmeProjesi.csproj", "{25523C41-2CF1-47E7-8C27-686AD1FAC270}"
EndProject
Global
	GlobalSection(SolutionConfigurationPlatforms) = preSolution
		Debug|Any CPU = Debug|Any CPU
		Release|Any CPU = Release|Any CPU
	EndGlobalSection
	GlobalSection(ProjectConfigurationPlatforms) = postSolution
		{25523C41-2CF1-47E7-8C27-686AD1FAC270}.Debug|Any CPU.ActiveCfg = Debug|Any CPU
		{25523C41-2CF1-47E7-8C27-686AD1FAC270}.Debug|Any CPU.Build.0 = Debug|Any CPU
		{25523C41-2CF1-47E7-8C27-686AD1FAC270}.Release|Any CPU.ActiveCfg = Release|Any CPU
		{25523C41-2CF1-47E7-8C27-686AD1FAC270}.Release|Any CPU.Build.0 = Release|Any CPU
	EndGlobalSection
	GlobalSection(SolutionProperties) = preSolution
		HideSolutionNode = FALSE
	EndGlobalSection
	GlobalSection(ExtensibilityGlobals) = postSolution
		SolutionGuid = {4618390B-F9AE-4999-A7D3-A8BF8B37B115}
	EndGlobalSection
EndGlobal
